
Microsoft Visual Studio Solution File, Format Version 12.00
# Visual Studio Version 17
VisualStudioVersion = 17.0.31903.59
MinimumVisualStudioVersion = 10.0.40219.1
Project("{FAE04EC0-301F-11D3-BF4B-00C04F79EFBC}") = "DebugAssertExampleApp", "DebugAssertExampleApp.csproj", "{5D84CD88-5C87-420D-B203-9D84877A72DE}"
EndProject
Global
	GlobalSection(SolutionConfigurationPlatforms) = preSolution
		Debug|Any CPU = Debug|Any CPU
		Release|Any CPU = Release|Any CPU
	EndGlobalSection
	GlobalSection(ProjectConfigurationPlatforms) = postSolution
		{5D84CD88-5C87-420D-B203-9D84877A72DE}.Debug|Any CPU.ActiveCfg = Debug|Any CPU
		{5D84CD88-5C87-420D-B203-9D84877A72DE}.Debug|Any CPU.Build.0 = Debug|Any CPU
		{5D84CD88-5C87-420D-B203-9D84877A72DE}.Release|Any CPU.ActiveCfg = Release|Any CPU
		{5D84CD88-5C87-420D-B203-9D84877A72DE}.Release|Any CPU.Build.0 = Release|Any CPU
	EndGlobalSection
	GlobalSection(SolutionProperties) = preSolution
		HideSolutionNode = FALSE
	EndGlobalSection
	GlobalSection(ExtensibilityGlobals) = postSolution
		SolutionGuid = {F342434E-18F2-4FD9-BB98-14169167405A}
	EndGlobalSection
EndGlobal
